
Microsoft Visual Studio Solution File, Format Version 12.00
# Visual Studio 15
VisualStudioVersion = 15.0.28307.1267
MinimumVisualStudioVersion = 10.0.40219.1
Project("{FAE04EC0-301F-11D3-BF4B-00C04F79EFBC}") = "IS_Canteen", "Programm\IS_Canteen.csproj", "{992FAC75-DFF1-4157-B44E-7B908F3467C8}"
EndProject
Global
	GlobalSection(SolutionConfigurationPlatforms) = preSolution
		Debug|Any CPU = Debug|Any CPU
		Release|Any CPU = Release|Any CPU
	EndGlobalSection
	GlobalSection(ProjectConfigurationPlatforms) = postSolution
		{992FAC75-DFF1-4157-B44E-7B908F3467C8}.Debug|Any CPU.ActiveCfg = Debug|Any CPU
		{992FAC75-DFF1-4157-B44E-7B908F3467C8}.Debug|Any CPU.Build.0 = Debug|Any CPU
		{992FAC75-DFF1-4157-B44E-7B908F3467C8}.Release|Any CPU.ActiveCfg = Release|Any CPU
		{992FAC75-DFF1-4157-B44E-7B908F3467C8}.Release|Any CPU.Build.0 = Release|Any CPU
	EndGlobalSection
	GlobalSection(SolutionProperties) = preSolution
		HideSolutionNode = FALSE
	EndGlobalSection
	GlobalSection(ExtensibilityGlobals) = postSolution
		SolutionGuid = {BB3983A5-6D34-4557-85AF-D121F692E633}
	EndGlobalSection
EndGlobal
